
Microsoft Visual Studio Solution File, Format Version 12.00
# Visual Studio Version 17
VisualStudioVersion = 17.9.34728.123
MinimumVisualStudioVersion = 10.0.40219.1
Project("{FAE04EC0-301F-11D3-BF4B-00C04F79EFBC}") = "Collections", "review2\Collections.csproj", "{7CDEBFD0-3AEC-4323-8AA6-C8E1DC2A60CB}"
EndProject
Global
	GlobalSection(SolutionConfigurationPlatforms) = preSolution
		Debug|Any CPU = Debug|Any CPU
		Release|Any CPU = Release|Any CPU
	EndGlobalSection
	GlobalSection(ProjectConfigurationPlatforms) = postSolution
		{7CDEBFD0-3AEC-4323-8AA6-C8E1DC2A60CB}.Debug|Any CPU.ActiveCfg = Debug|Any CPU
		{7CDEBFD0-3AEC-4323-8AA6-C8E1DC2A60CB}.Debug|Any CPU.Build.0 = Debug|Any CPU
		{7CDEBFD0-3AEC-4323-8AA6-C8E1DC2A60CB}.Release|Any CPU.ActiveCfg = Release|Any CPU
		{7CDEBFD0-3AEC-4323-8AA6-C8E1DC2A60CB}.Release|Any CPU.Build.0 = Release|Any CPU
	EndGlobalSection
	GlobalSection(SolutionProperties) = preSolution
		HideSolutionNode = FALSE
	EndGlobalSection
	GlobalSection(ExtensibilityGlobals) = postSolution
		SolutionGuid = {B5B30DC4-8324-4121-A96F-072E6B01E1F8}
	EndGlobalSection
EndGlobal
