
Microsoft Visual Studio Solution File, Format Version 12.00
# Visual Studio Version 17
VisualStudioVersion = 17.9.34728.123
MinimumVisualStudioVersion = 10.0.40219.1
Project("{FAE04EC0-301F-11D3-BF4B-00C04F79EFBC}") = "Day3", "Day3\Day3.csproj", "{7C42990E-77EA-453A-8DFE-C07C55E372EE}"
EndProject
Global
	GlobalSection(SolutionConfigurationPlatforms) = preSolution
		Debug|Any CPU = Debug|Any CPU
		Release|Any CPU = Release|Any CPU
	EndGlobalSection
	GlobalSection(ProjectConfigurationPlatforms) = postSolution
		{7C42990E-77EA-453A-8DFE-C07C55E372EE}.Debug|Any CPU.ActiveCfg = Debug|Any CPU
		{7C42990E-77EA-453A-8DFE-C07C55E372EE}.Debug|Any CPU.Build.0 = Debug|Any CPU
		{7C42990E-77EA-453A-8DFE-C07C55E372EE}.Release|Any CPU.ActiveCfg = Release|Any CPU
		{7C42990E-77EA-453A-8DFE-C07C55E372EE}.Release|Any CPU.Build.0 = Release|Any CPU
	EndGlobalSection
	GlobalSection(SolutionProperties) = preSolution
		HideSolutionNode = FALSE
	EndGlobalSection
	GlobalSection(ExtensibilityGlobals) = postSolution
		SolutionGuid = {274F321B-66DC-489C-B4B5-3EE6E2C95E2F}
	EndGlobalSection
EndGlobal
