
Microsoft Visual Studio Solution File, Format Version 12.00
# Visual Studio Version 17
VisualStudioVersion = 17.9.34728.123
MinimumVisualStudioVersion = 10.0.40219.1
Project("{9A19103F-16F7-4668-BE54-9A1E7A4F7556}") = "Labsof_ITI", "review1\Labsof_ITI.csproj", "{B5D86658-999F-4193-A087-3087E990FC85}"
EndProject
Global
	GlobalSection(SolutionConfigurationPlatforms) = preSolution
		Debug|Any CPU = Debug|Any CPU
		Release|Any CPU = Release|Any CPU
	EndGlobalSection
	GlobalSection(ProjectConfigurationPlatforms) = postSolution
		{B5D86658-999F-4193-A087-3087E990FC85}.Debug|Any CPU.ActiveCfg = Debug|Any CPU
		{B5D86658-999F-4193-A087-3087E990FC85}.Debug|Any CPU.Build.0 = Debug|Any CPU
		{B5D86658-999F-4193-A087-3087E990FC85}.Release|Any CPU.ActiveCfg = Release|Any CPU
		{B5D86658-999F-4193-A087-3087E990FC85}.Release|Any CPU.Build.0 = Release|Any CPU
	EndGlobalSection
	GlobalSection(SolutionProperties) = preSolution
		HideSolutionNode = FALSE
	EndGlobalSection
	GlobalSection(ExtensibilityGlobals) = postSolution
		SolutionGuid = {7E98C2D3-2026-4D6F-A833-353934F4A2DA}
	EndGlobalSection
EndGlobal
